# THIS IS AN AUTOGENERATED FILE. DO NOT EDIT THIS FILE DIRECTLY.
# yarn lockfile v1


"@babel/runtime-corejs2@^7.10.2":
  version "7.11.2"
  resolved "https://registry.npm.taobao.org/@babel/runtime-corejs2/download/@babel/runtime-corejs2-7.11.2.tgz?cache=0&sync_timestamp=1596637246233&other_urls=https%3A%2F%2Fregistry.npm.taobao.org%2F%40babel%2Fruntime-corejs2%2Fdownload%2F%40babel%2Fruntime-corejs2-7.11.2.tgz#700a03945ebad0d31ba6690fc8a6bcc9040faa47"
  integrity sha1-cAoDlF660NMbpmkPyKa8yQQPqkc=
  dependencies:
    core-js "^2.6.5"
    regenerator-runtime "^0.13.4"

"@babel/runtime@^7.10.2":
  version "7.11.2"
  resolved "https://registry.npm.taobao.org/@babel/runtime/download/@babel/runtime-7.11.2.tgz?cache=0&sync_timestamp=1596637900760&other_urls=https%3A%2F%2Fregistry.npm.taobao.org%2F%40babel%2Fruntime%2Fdownload%2F%40babel%2Fruntime-7.11.2.tgz#f549c13c754cc40b87644b9fa9f09a6a95fe0736"
  integrity sha1-9UnBPHVMxAuHZEufqfCaapX+BzY=
  dependencies:
    regenerator-runtime "^0.13.4"

"@leancloud/adapter-types@^3.0.0":
  version "3.0.0"
  resolved "https://registry.npm.taobao.org/@leancloud/adapter-types/download/@leancloud/adapter-types-3.0.0.tgz#71c5e8e37065bea4914650848b55a6262d658577"
  integrity sha1-ccXo43BlvqSRRlCEi1WmJi1lhXc=

"@leancloud/adapter-types@^4.0.0":
  version "4.0.0"
  resolved "https://registry.npm.taobao.org/@leancloud/adapter-types/download/@leancloud/adapter-types-4.0.0.tgz#eb48c212348b7d57d4cd2cc40d38639af1146eb5"
  integrity sha1-60jCEjSLfVfUzSzEDThjmvEUbrU=

"@leancloud/adapter-utils@^1.1.0":
  version "1.1.0"
  resolved "https://registry.npm.taobao.org/@leancloud/adapter-utils/download/@leancloud/adapter-utils-1.1.0.tgz#a88a8de6e318b54543a1065f78fb1911d796adcc"
  integrity sha1-qIqN5uMYtUVDoQZfePsZEdeWrcw=
  dependencies:
    "@leancloud/adapter-types" "^4.0.0"
    event-target-shim "^5.0.1"

"@leancloud/adapters-superagent@^1.2.0":
  version "1.2.0"
  resolved "https://registry.npm.taobao.org/@leancloud/adapters-superagent/download/@leancloud/adapters-superagent-1.2.0.tgz#764c73b8d57a2ca88caead0726fed42530e8eddc"
  integrity sha1-dkxzuNV6LKiMrq0HJv7UJTDo7dw=
  dependencies:
    "@leancloud/adapter-types" "^4.0.0"
    "@leancloud/adapter-utils" "^1.1.0"
    "@types/superagent" "^4.1.7"
    superagent "^5.2.2"

"@leancloud/platform-adapters-browser@^1.1.0":
  version "1.3.0"
  resolved "https://registry.npm.taobao.org/@leancloud/platform-adapters-browser/download/@leancloud/platform-adapters-browser-1.3.0.tgz#d8ca3e050f8b1234beeab545c5148e97d4022857"
  integrity sha1-2Mo+BQ+LEjS+6rVFxRSOl9QCKFc=
  dependencies:
    "@leancloud/adapter-types" "^4.0.0"
    "@leancloud/adapters-superagent" "^1.2.0"

"@leancloud/platform-adapters-node@^1.1.0":
  version "1.3.0"
  resolved "https://registry.npm.taobao.org/@leancloud/platform-adapters-node/download/@leancloud/platform-adapters-node-1.3.0.tgz#ee9adb68eb1250d520c8de9213d9575e4c0f176a"
  integrity sha1-7prbaOsSUNUgyN6SE9lXXkwPF2o=
  dependencies:
    "@leancloud/adapter-types" "^4.0.0"
    "@leancloud/adapters-superagent" "^1.2.0"
    "@types/ws" "^7.2.2"
    localstorage-memory "^1.0.2"
    ws "^5.2.2"

"@leancloud/platform-adapters-weapp@^1.2.0":
  version "1.4.0"
  resolved "https://registry.npm.taobao.org/@leancloud/platform-adapters-weapp/download/@leancloud/platform-adapters-weapp-1.4.0.tgz#118ddf88105d00fbf55389a45de9ad7d41902aea"
  integrity sha1-EY3fiBBdAPv1U4mkXemtfUGQKuo=
  dependencies:
    "@leancloud/adapter-types" "^4.0.0"
    "@leancloud/adapter-utils" "^1.1.0"
    miniprogram-api-typings "^2.10.2"

"@types/cookiejar@*":
  version "2.1.1"
  resolved "https://registry.npm.taobao.org/@types/cookiejar/download/@types/cookiejar-2.1.1.tgz#90b68446364baf9efd8e8349bb36bd3852b75b80"
  integrity sha1-kLaERjZLr579joNJuza9OFK3W4A=

"@types/node@*":
  version "14.11.2"
  resolved "https://registry.npm.taobao.org/@types/node/download/@types/node-14.11.2.tgz?cache=0&sync_timestamp=1600732786215&other_urls=https%3A%2F%2Fregistry.npm.taobao.org%2F%40types%2Fnode%2Fdownload%2F%40types%2Fnode-14.11.2.tgz#2de1ed6670439387da1c9f549a2ade2b0a799256"
  integrity sha1-LeHtZnBDk4faHJ9UmireKwp5klY=

"@types/superagent@^4.1.7":
  version "4.1.10"
  resolved "https://registry.npm.taobao.org/@types/superagent/download/@types/superagent-4.1.10.tgz#5e2cc721edf58f64fe9b819f326ee74803adee86"
  integrity sha1-XizHIe31j2T+m4GfMm7nSAOt7oY=
  dependencies:
    "@types/cookiejar" "*"
    "@types/node" "*"

"@types/ws@^7.2.2":
  version "7.2.7"
  resolved "https://registry.npm.taobao.org/@types/ws/download/@types/ws-7.2.7.tgz#362ad1a1d62721bdb725e72c8cccf357078cf5a3"
  integrity sha1-NirRodYnIb23JecsjMzzVweM9aM=
  dependencies:
    "@types/node" "*"

ansi-regex@^2.0.0:
  version "2.1.1"
  resolved "https://registry.npm.taobao.org/ansi-regex/download/ansi-regex-2.1.1.tgz#c3b33ab5ee360d86e0e628f0468ae7ef27d654df"
  integrity sha1-w7M6te42DYbg5ijwRorn7yfWVN8=

ascli@~1:
  version "1.0.1"
  resolved "https://registry.npm.taobao.org/ascli/download/ascli-1.0.1.tgz#bcfa5974a62f18e81cabaeb49732ab4a88f906bc"
  integrity sha1-vPpZdKYvGOgcq660lzKrSoj5Brw=
  dependencies:
    colour "~0.7.1"
    optjs "~3.2.2"

async-limiter@~1.0.0:
  version "1.0.1"
  resolved "https://registry.npm.taobao.org/async-limiter/download/async-limiter-1.0.1.tgz#dd379e94f0db8310b08291f9d64c3209766617fd"
  integrity sha1-3TeelPDbgxCwgpH51kwyCXZmF/0=

asynckit@^0.4.0:
  version "0.4.0"
  resolved "https://registry.npm.taobao.org/asynckit/download/asynckit-0.4.0.tgz#c79ed97f7f34cb8f2ba1bc9790bcc366474b4b79"
  integrity sha1-x57Zf380y48robyXkLzDZkdLS3k=

babel-runtime@^6.26.0:
  version "6.26.0"
  resolved "https://registry.npm.taobao.org/babel-runtime/download/babel-runtime-6.26.0.tgz#965c7058668e82b55d7bfe04ff2337bc8b5647fe"
  integrity sha1-llxwWGaOgrVde/4E/yM3vItWR/4=
  dependencies:
    core-js "^2.4.0"
    regenerator-runtime "^0.11.0"

balajs@^1.0.7:
  version "1.0.7"
  resolved "https://registry.npm.taobao.org/balajs/download/balajs-1.0.7.tgz#b30caf117de32f389348ceec2813578a19aa350f"
  integrity sha1-swyvEX3jLziTSM7sKBNXihmqNQ8=

balalaika@^1.0.1:
  version "1.0.1"
  resolved "https://registry.npm.taobao.org/balalaika/download/balalaika-1.0.1.tgz#0664147a257ea2ad4ae66451711e5266830d51d9"
  integrity sha1-BmQUeiV+oq1K5mRRcR5SZoMNUdk=

balanced-match@^1.0.0:
  version "1.0.0"
  resolved "https://registry.npm.taobao.org/balanced-match/download/balanced-match-1.0.0.tgz#89b4d199ab2bee49de164ea02b89ce462d71b767"
  integrity sha1-ibTRmasr7kneFk6gK4nORi1xt2c=

base64-arraybuffer@^0.1.5:
  version "0.1.5"
  resolved "https://registry.npm.taobao.org/base64-arraybuffer/download/base64-arraybuffer-0.1.5.tgz#73926771923b5a19747ad666aa5cd4bf9c6e9ce8"
  integrity sha1-c5JncZI7Whl0etZmqlzUv5xunOg=

brace-expansion@^1.1.7:
  version "1.1.11"
  resolved "https://registry.npm.taobao.org/brace-expansion/download/brace-expansion-1.1.11.tgz?cache=0&sync_timestamp=1601898119907&other_urls=https%3A%2F%2Fregistry.npm.taobao.org%2Fbrace-expansion%2Fdownload%2Fbrace-expansion-1.1.11.tgz#3c7fcbf529d87226f3d2f52b966ff5271eb441dd"
  integrity sha1-PH/L9SnYcibz0vUrlm/1Jx60Qd0=
  dependencies:
    balanced-match "^1.0.0"
    concat-map "0.0.1"

bytebuffer@~5:
  version "5.0.1"
  resolved "https://registry.npm.taobao.org/bytebuffer/download/bytebuffer-5.0.1.tgz#582eea4b1a873b6d020a48d58df85f0bba6cfddd"
  integrity sha1-WC7qSxqHO20CCkjVjfhfC7ps/d0=
  dependencies:
    long "~3"

camelcase@^2.0.1:
  version "2.1.1"
  resolved "https://registry.npm.taobao.org/camelcase/download/camelcase-2.1.1.tgz#7c1d16d679a1bbe59ca02cacecfb011e201f5a1f"
  integrity sha1-fB0W1nmhu+WcoCys7PsBHiAfWh8=

charenc@0.0.2:
  version "0.0.2"
  resolved "https://registry.npm.taobao.org/charenc/download/charenc-0.0.2.tgz#c0a1d2f3a7092e03774bfa83f14c0fc5790a8667"
  integrity sha1-wKHS86cJLgN3S/qD8UwPxXkKhmc=

cliui@^3.0.3:
  version "3.2.0"
  resolved "https://registry.npm.taobao.org/cliui/download/cliui-3.2.0.tgz?cache=0&sync_timestamp=1597606287037&other_urls=https%3A%2F%2Fregistry.npm.taobao.org%2Fcliui%2Fdownload%2Fcliui-3.2.0.tgz#120601537a916d29940f934da3b48d585a39213d"
  integrity sha1-EgYBU3qRbSmUD5NNo7SNWFo5IT0=
  dependencies:
    string-width "^1.0.1"
    strip-ansi "^3.0.1"
    wrap-ansi "^2.0.0"

code-point-at@^1.0.0:
  version "1.1.0"
  resolved "https://registry.npm.taobao.org/code-point-at/download/code-point-at-1.1.0.tgz?cache=0&other_urls=https%3A%2F%2Fregistry.npm.taobao.org%2Fcode-point-at%2Fdownload%2Fcode-point-at-1.1.0.tgz#0d070b4d043a5bea33a2f1a40e2edb3d9a4ccf77"
  integrity sha1-DQcLTQQ6W+ozovGkDi7bPZpMz3c=

colour@~0.7.1:
  version "0.7.1"
  resolved "https://registry.npm.taobao.org/colour/download/colour-0.7.1.tgz#9cb169917ec5d12c0736d3e8685746df1cadf778"
  integrity sha1-nLFpkX7F0SwHNtPoaFdG3xyt93g=

combined-stream@^1.0.6, combined-stream@^1.0.8:
  version "1.0.8"
  resolved "https://registry.npm.taobao.org/combined-stream/download/combined-stream-1.0.8.tgz?cache=0&other_urls=https%3A%2F%2Fregistry.npm.taobao.org%2Fcombined-stream%2Fdownload%2Fcombined-stream-1.0.8.tgz#c3d45a8b34fd730631a110a8a2520682b31d5a7f"
  integrity sha1-w9RaizT9cwYxoRCoolIGgrMdWn8=
  dependencies:
    delayed-stream "~1.0.0"

commander@^2.20.3:
  version "2.20.3"
  resolved "https://registry.npm.taobao.org/commander/download/commander-2.20.3.tgz?cache=0&sync_timestamp=1598577977577&other_urls=https%3A%2F%2Fregistry.npm.taobao.org%2Fcommander%2Fdownload%2Fcommander-2.20.3.tgz#fd485e84c03eb4881c20722ba48035e8531aeb33"
  integrity sha1-/UhehMA+tIgcIHIrpIA16FMa6zM=

component-emitter@^1.2.0, component-emitter@^1.3.0:
  version "1.3.0"
  resolved "https://registry.npm.taobao.org/component-emitter/download/component-emitter-1.3.0.tgz#16e4070fba8ae29b679f2215853ee181ab2eabc0"
  integrity sha1-FuQHD7qK4ptnnyIVhT7hgasuq8A=

concat-map@0.0.1:
  version "0.0.1"
  resolved "https://registry.npm.taobao.org/concat-map/download/concat-map-0.0.1.tgz#d8a96bd77fd68df7793a73036a3ba0d5405d477b"
  integrity sha1-2Klr13/Wjfd5OnMDajug1UBdR3s=

cookiejar@^2.1.0, cookiejar@^2.1.2:
  version "2.1.2"
  resolved "https://registry.npm.taobao.org/cookiejar/download/cookiejar-2.1.2.tgz#dd8a235530752f988f9a0844f3fc589e3111125c"
  integrity sha1-3YojVTB1L5iPmghE8/xYnjERElw=

core-js@^2.4.0, core-js@^2.6.5:
  version "2.6.11"
  resolved "https://registry.npm.taobao.org/core-js/download/core-js-2.6.11.tgz?cache=0&other_urls=https%3A%2F%2Fregistry.npm.taobao.org%2Fcore-js%2Fdownload%2Fcore-js-2.6.11.tgz#38831469f9922bded8ee21c9dc46985e0399308c"
  integrity sha1-OIMUafmSK97Y7iHJ3EaYXgOZMIw=

core-util-is@~1.0.0:
  version "1.0.2"
  resolved "https://registry.npm.taobao.org/core-util-is/download/core-util-is-1.0.2.tgz#b5fd54220aa2bc5ab57aab7140c940754503c1a7"
  integrity sha1-tf1UIgqivFq1eqtxQMlAdUUDwac=

crypt@0.0.2:
  version "0.0.2"
  resolved "https://registry.npm.taobao.org/crypt/download/crypt-0.0.2.tgz#88d7ff7ec0dfb86f713dc87bbb42d044d3e6c41b"
  integrity sha1-iNf/fsDfuG9xPch7u0LQRNPmxBs=

cssfilter@0.0.10:
  version "0.0.10"
  resolved "https://registry.npm.taobao.org/cssfilter/download/cssfilter-0.0.10.tgz#c6d2672632a2e5c83e013e6864a42ce8defd20ae"
  integrity sha1-xtJnJjKi5cg+AT5oZKQs6N79IK4=

date-fns@^2.5.1:
  version "2.16.1"
  resolved "https://registry.npm.taobao.org/date-fns/download/date-fns-2.16.1.tgz#05775792c3f3331da812af253e1a935851d3834b"
  integrity sha1-BXdXksPzMx2oEq8lPhqTWFHTg0s=

debug@^3.1.0:
  version "3.2.6"
  resolved "https://registry.npm.taobao.org/debug/download/debug-3.2.6.tgz?cache=0&sync_timestamp=1600502848195&other_urls=https%3A%2F%2Fregistry.npm.taobao.org%2Fdebug%2Fdownload%2Fdebug-3.2.6.tgz#e83d17de16d8a7efb7717edbe5fb10135eee629b"
  integrity sha1-6D0X3hbYp++3cX7b5fsQE17uYps=
  dependencies:
    ms "^2.1.1"

debug@^4.1.1:
  version "4.2.0"
  resolved "https://registry.npm.taobao.org/debug/download/debug-4.2.0.tgz?cache=0&sync_timestamp=1600502848195&other_urls=https%3A%2F%2Fregistry.npm.taobao.org%2Fdebug%2Fdownload%2Fdebug-4.2.0.tgz#7f150f93920e94c58f5574c2fd01a3110effe7f1"
  integrity sha1-fxUPk5IOlMWPVXTC/QGjEQ7/5/E=
  dependencies:
    ms "2.1.2"

decamelize@^1.1.1:
  version "1.2.0"
  resolved "https://registry.npm.taobao.org/decamelize/download/decamelize-1.2.0.tgz#f6534d15148269b20352e7bee26f501f9a191290"
  integrity sha1-9lNNFRSCabIDUue+4m9QH5oZEpA=

delayed-stream@~1.0.0:
  version "1.0.0"
  resolved "https://registry.npm.taobao.org/delayed-stream/download/delayed-stream-1.0.0.tgz#df3ae199acadfb7d440aaae0b29e2272b24ec619"
  integrity sha1-3zrhmayt+31ECqrgsp4icrJOxhk=

element-closest@^3.0.2:
  version "3.0.2"
  resolved "https://registry.npm.taobao.org/element-closest/download/element-closest-3.0.2.tgz#3814a69a84f30e48e63eaf57341f4dbf4227d2aa"
  integrity sha1-OBSmmoTzDkjmPq9XNB9Nv0In0qo=

es6-promise@4.2.3:
  version "4.2.3"
  resolved "https://registry.npm.taobao.org/es6-promise/download/es6-promise-4.2.3.tgz#29454b8db21b73fbef1df070c35dc09b7fd606c4"
  integrity sha1-KUVLjbIbc/vvHfBww13Am3/WBsQ=

event-target-shim@^5.0.1:
  version "5.0.1"
  resolved "https://registry.npm.taobao.org/event-target-shim/download/event-target-shim-5.0.1.tgz#5d4d3ebdf9583d63a5333ce2deb7480ab2b05789"
  integrity sha1-XU0+vflYPWOlMzzi3rdICrKwV4k=

eventemitter3@^2.0.3:
  version "2.0.3"
  resolved "https://registry.npm.taobao.org/eventemitter3/download/eventemitter3-2.0.3.tgz?cache=0&sync_timestamp=1598517907052&other_urls=https%3A%2F%2Fregistry.npm.taobao.org%2Feventemitter3%2Fdownload%2Feventemitter3-2.0.3.tgz#b5e1079b59fb5e1ba2771c0a993be060a58c99ba"
  integrity sha1-teEHm1n7XhuidxwKmTvgYKWMmbo=

eventemitter3@^3.0.0:
  version "3.1.2"
  resolved "https://registry.npm.taobao.org/eventemitter3/download/eventemitter3-3.1.2.tgz?cache=0&sync_timestamp=1598517907052&other_urls=https%3A%2F%2Fregistry.npm.taobao.org%2Feventemitter3%2Fdownload%2Feventemitter3-3.1.2.tgz#2d3d48f9c346698fce83a85d7d664e98535df6e7"
  integrity sha1-LT1I+cNGaY/Og6hdfWZOmFNd9uc=

extend@^3.0.0:
  version "3.0.2"
  resolved "https://registry.npm.taobao.org/extend/download/extend-3.0.2.tgz#f8b1136b4071fbd8eb140aff858b1019ec2915fa"
  integrity sha1-+LETa0Bx+9jrFAr/hYsQGewpFfo=

fast-safe-stringify@^2.0.7:
  version "2.0.7"
  resolved "https://registry.npm.taobao.org/fast-safe-stringify/download/fast-safe-stringify-2.0.7.tgz?cache=0&sync_timestamp=1568205133684&other_urls=https%3A%2F%2Fregistry.npm.taobao.org%2Ffast-safe-stringify%2Fdownload%2Ffast-safe-stringify-2.0.7.tgz#124aa885899261f68aedb42a7c080de9da608743"
  integrity sha1-EkqohYmSYfaK7bQqfAgN6dpgh0M=

form-data@^2.3.1:
  version "2.5.1"
  resolved "https://registry.npm.taobao.org/form-data/download/form-data-2.5.1.tgz?cache=0&sync_timestamp=1573027037564&other_urls=https%3A%2F%2Fregistry.npm.taobao.org%2Fform-data%2Fdownload%2Fform-data-2.5.1.tgz#f2cbec57b5e59e23716e128fe44d4e5dd23895f4"
  integrity sha1-8svsV7XlniNxbhKP5E1OXdI4lfQ=
  dependencies:
    asynckit "^0.4.0"
    combined-stream "^1.0.6"
    mime-types "^2.1.12"

form-data@^3.0.0:
  version "3.0.0"
  resolved "https://registry.npm.taobao.org/form-data/download/form-data-3.0.0.tgz?cache=0&sync_timestamp=1573027037564&other_urls=https%3A%2F%2Fregistry.npm.taobao.org%2Fform-data%2Fdownload%2Fform-data-3.0.0.tgz#31b7e39c85f1355b7139ee0c647cf0de7f83c682"
  integrity sha1-MbfjnIXxNVtxOe4MZHzw3n+DxoI=
  dependencies:
    asynckit "^0.4.0"
    combined-stream "^1.0.8"
    mime-types "^2.1.12"

formidable@^1.2.0, formidable@^1.2.2:
  version "1.2.2"
  resolved "https://registry.npm.taobao.org/formidable/download/formidable-1.2.2.tgz#bf69aea2972982675f00865342b982986f6b8dd9"
  integrity sha1-v2muopcpgmdfAIZTQrmCmG9rjdk=

fs.realpath@^1.0.0:
  version "1.0.0"
  resolved "https://registry.npm.taobao.org/fs.realpath/download/fs.realpath-1.0.0.tgz#1504ad2523158caa40db4a2787cb01411994ea4f"
  integrity sha1-FQStJSMVjKpA20onh8sBQRmU6k8=

glob@^7.0.5:
  version "7.1.6"
  resolved "https://registry.npm.taobao.org/glob/download/glob-7.1.6.tgz#141f33b81a7c2492e125594307480c46679278a6"
  integrity sha1-FB8zuBp8JJLhJVlDB0gMRmeSeKY=
  dependencies:
    fs.realpath "^1.0.0"
    inflight "^1.0.4"
    inherits "2"
    minimatch "^3.0.4"
    once "^1.3.0"
    path-is-absolute "^1.0.0"

inflight@^1.0.4:
  version "1.0.6"
  resolved "https://registry.npm.taobao.org/inflight/download/inflight-1.0.6.tgz#49bd6331d7d02d0c09bc910a1075ba8165b56df9"
  integrity sha1-Sb1jMdfQLQwJvJEKEHW6gWW1bfk=
  dependencies:
    once "^1.3.0"
    wrappy "1"

inherits@2, inherits@^2.0.3, inherits@~2.0.3:
  version "2.0.4"
  resolved "https://registry.npm.taobao.org/inherits/download/inherits-2.0.4.tgz#0fa2c64f932917c3433a0ded55363aae37416b7c"
  integrity sha1-D6LGT5MpF8NDOg3tVTY6rjdBa3w=

invert-kv@^1.0.0:
  version "1.0.0"
  resolved "https://registry.npm.taobao.org/invert-kv/download/invert-kv-1.0.0.tgz?cache=0&other_urls=https%3A%2F%2Fregistry.npm.taobao.org%2Finvert-kv%2Fdownload%2Finvert-kv-1.0.0.tgz#104a8e4aaca6d3d8cd157a8ef8bfab2d7a3ffdb6"
  integrity sha1-EEqOSqym09jNFXqO+L+rLXo//bY=

is-buffer@~1.1.6:
  version "1.1.6"
  resolved "https://registry.npm.taobao.org/is-buffer/download/is-buffer-1.1.6.tgz#efaa2ea9daa0d7ab2ea13a97b2b8ad51fefbe8be"
  integrity sha1-76ouqdqg16suoTqXsritUf776L4=

is-fullwidth-code-point@^1.0.0:
  version "1.0.0"
  resolved "https://registry.npm.taobao.org/is-fullwidth-code-point/download/is-fullwidth-code-point-1.0.0.tgz#ef9e31386f031a7f0d643af82fde50c457ef00cb"
  integrity sha1-754xOG8DGn8NZDr4L95QxFfvAMs=
  dependencies:
    number-is-nan "^1.0.0"

isarray@~1.0.0:
  version "1.0.0"
  resolved "https://registry.npm.taobao.org/isarray/download/isarray-1.0.0.tgz#bb935d48582cba168c06834957a54a3e07124f11"
  integrity sha1-u5NdSFgsuhaMBoNJV6VKPgcSTxE=

javascript-state-machine@^2.3.5:
  version "2.4.0"
  resolved "https://registry.npm.taobao.org/javascript-state-machine/download/javascript-state-machine-2.4.0.tgz#d8be31ec38f24ac1a1832f0b672fc3cd5f79c96e"
  integrity sha1-2L4x7DjySsGhgy8LZy/DzV95yW4=

lcid@^1.0.0:
  version "1.0.0"
  resolved "https://registry.npm.taobao.org/lcid/download/lcid-1.0.0.tgz#308accafa0bc483a3867b4b6f2b9506251d1b835"
  integrity sha1-MIrMr6C8SDo4Z7S28rlQYlHRuDU=
  dependencies:
    invert-kv "^1.0.0"

leancloud-realtime-plugin-live-query@^1.2.0:
  version "1.2.0"
  resolved "https://registry.npm.taobao.org/leancloud-realtime-plugin-live-query/download/leancloud-realtime-plugin-live-query-1.2.0.tgz#1e07da1b5b99e44cddbc3b052234422f278c4ab9"
  integrity sha1-HgfaG1uZ5EzdvDsFIjRCLyeMSrk=

leancloud-realtime@^5.0.0-alpha.3, leancloud-realtime@^5.0.0-rc.2:
  version "5.0.0-rc.3"
  resolved "https://registry.npm.taobao.org/leancloud-realtime/download/leancloud-realtime-5.0.0-rc.3.tgz#3a590d8c99685aa54849529d5d7fbbca0ea45152"
  integrity sha1-OlkNjJloWqVISVKdXX+7yg6kUVI=
  dependencies:
    "@babel/runtime" "^7.10.2"
    "@babel/runtime-corejs2" "^7.10.2"
    "@leancloud/adapter-types" "^3.0.0"
    "@leancloud/platform-adapters-browser" "^1.1.0"
    "@leancloud/platform-adapters-node" "^1.1.0"
    "@leancloud/platform-adapters-weapp" "^1.2.0"
    base64-arraybuffer "^0.1.5"
    debug "^3.1.0"
    eventemitter3 "^3.0.0"
    javascript-state-machine "^2.3.5"
    lodash "^4.17.10"
    promise-timeout "^1.3.0"
    protobufjs "^5.0.1"
    uuid "^3.0.0"

leancloud-storage@^3.0.4:
  version "3.15.0"
  resolved "https://registry.npm.taobao.org/leancloud-storage/download/leancloud-storage-3.15.0.tgz#6d3b010a313189985bb69ab08c75c7ad74bd1788"
  integrity sha1-bTsBCjExiZhbtpqwjHXHrXS9F4g=
  dependencies:
    debug "^3.1.0"
    es6-promise "4.2.3"
    eventemitter3 "^2.0.3"
    leancloud-realtime "^5.0.0-alpha.3"
    leancloud-realtime-plugin-live-query "^1.2.0"
    localstorage-memory "^1.0.1"
    md5 "^2.0.0"
    superagent "^3.3.1"
    underscore "^1.8.3"
    uuid "^3.3.2"

leancloud-storage@^4.0.0:
  version "4.6.1"
  resolved "https://registry.npm.taobao.org/leancloud-storage/download/leancloud-storage-4.6.1.tgz#48d11ab0a8a313e320f5de3f1b5d2c8983fb8491"
  integrity sha1-SNEasKijE+Mg9d4/G10siYP7hJE=
  dependencies:
    "@leancloud/adapter-types" "^3.0.0"
    "@leancloud/platform-adapters-browser" "^1.1.0"
    "@leancloud/platform-adapters-node" "^1.1.0"
    "@leancloud/platform-adapters-weapp" "^1.2.0"
    babel-runtime "^6.26.0"
    debug "^3.1.0"
    eventemitter3 "^2.0.3"
    leancloud-realtime "^5.0.0-rc.2"
    leancloud-realtime-plugin-live-query "^1.2.0"
    md5 "^2.0.0"
    promise-timeout "^1.3.0"
    underscore "^1.8.3"
    uuid "^3.3.2"

localstorage-memory@^1.0.1, localstorage-memory@^1.0.2:
  version "1.0.3"
  resolved "https://registry.npm.taobao.org/localstorage-memory/download/localstorage-memory-1.0.3.tgz#566b37968fe0c4d76ba36a6da564fa613945ca72"
  integrity sha1-Vms3lo/gxNdro2ptpWT6YTlFynI=

lodash@^4.17.10:
  version "4.17.20"
  resolved "https://registry.npm.taobao.org/lodash/download/lodash-4.17.20.tgz?cache=0&sync_timestamp=1597337964525&other_urls=https%3A%2F%2Fregistry.npm.taobao.org%2Flodash%2Fdownload%2Flodash-4.17.20.tgz#b44a9b6297bcb698f1c51a3545a2b3b368d59c52"
  integrity sha1-tEqbYpe8tpjxxRo1RaKzs2jVnFI=

long@~3:
  version "3.2.0"
  resolved "https://registry.npm.taobao.org/long/download/long-3.2.0.tgz#d821b7138ca1cb581c172990ef14db200b5c474b"
  integrity sha1-2CG3E4yhy1gcFymQ7xTbIAtcR0s=

md5@^2.0.0:
  version "2.3.0"
  resolved "https://registry.npm.taobao.org/md5/download/md5-2.3.0.tgz#c3da9a6aae3a30b46b7b0c349b87b110dc3bda4f"
  integrity sha1-w9qaaq46MLRreww0m4exENw72k8=
  dependencies:
    charenc "0.0.2"
    crypt "0.0.2"
    is-buffer "~1.1.6"

methods@^1.1.1, methods@^1.1.2:
  version "1.1.2"
  resolved "https://registry.npm.taobao.org/methods/download/methods-1.1.2.tgz#5529a4d67654134edcc5266656835b0f851afcee"
  integrity sha1-VSmk1nZUE07cxSZmVoNbD4Ua/O4=

mime-db@1.44.0:
  version "1.44.0"
  resolved "https://registry.npm.taobao.org/mime-db/download/mime-db-1.44.0.tgz?cache=0&sync_timestamp=1600831255421&other_urls=https%3A%2F%2Fregistry.npm.taobao.org%2Fmime-db%2Fdownload%2Fmime-db-1.44.0.tgz#fa11c5eb0aca1334b4233cb4d52f10c5a6272f92"
  integrity sha1-+hHF6wrKEzS0Izy01S8QxaYnL5I=

mime-types@^2.1.12:
  version "2.1.27"
  resolved "https://registry.npm.taobao.org/mime-types/download/mime-types-2.1.27.tgz#47949f98e279ea53119f5722e0f34e529bec009f"
  integrity sha1-R5SfmOJ56lMRn1ci4PNOUpvsAJ8=
  dependencies:
    mime-db "1.44.0"

mime@^1.4.1:
  version "1.6.0"
  resolved "https://registry.npm.taobao.org/mime/download/mime-1.6.0.tgz#32cd9e5c64553bd58d19a568af452acff04981b1"
  integrity sha1-Ms2eXGRVO9WNGaVor0Uqz/BJgbE=

mime@^2.4.6:
  version "2.4.6"
  resolved "https://registry.npm.taobao.org/mime/download/mime-2.4.6.tgz#e5b407c90db442f2beb5b162373d07b69affa4d1"
  integrity sha1-5bQHyQ20QvK+tbFiNz0Htpr/pNE=

minimatch@^3.0.4:
  version "3.0.4"
  resolved "https://registry.npm.taobao.org/minimatch/download/minimatch-3.0.4.tgz#5166e286457f03306064be5497e8dbb0c3d32083"
  integrity sha1-UWbihkV/AzBgZL5Ul+jbsMPTIIM=
  dependencies:
    brace-expansion "^1.1.7"

miniprogram-api-typings@^2.10.2:
  version "2.12.0"
  resolved "https://registry.npm.taobao.org/miniprogram-api-typings/download/miniprogram-api-typings-2.12.0.tgz#7a29c90f3e5efa36588422d1f01e22d3394aaaa1"
  integrity sha1-einJDz5e+jZYhCLR8B4i0zlKqqE=

ms@2.1.2, ms@^2.1.1:
  version "2.1.2"
  resolved "https://registry.npm.taobao.org/ms/download/ms-2.1.2.tgz#d09d1f357b443f493382a8eb3ccd183872ae6009"
  integrity sha1-0J0fNXtEP0kzgqjrPM0YOHKuYAk=

number-is-nan@^1.0.0:
  version "1.0.1"
  resolved "https://registry.npm.taobao.org/number-is-nan/download/number-is-nan-1.0.1.tgz?cache=0&sync_timestamp=1581061963259&other_urls=https%3A%2F%2Fregistry.npm.taobao.org%2Fnumber-is-nan%2Fdownload%2Fnumber-is-nan-1.0.1.tgz#097b602b53422a522c1afb8790318336941a011d"
  integrity sha1-CXtgK1NCKlIsGvuHkDGDNpQaAR0=

once@^1.3.0:
  version "1.4.0"
  resolved "https://registry.npm.taobao.org/once/download/once-1.4.0.tgz#583b1aa775961d4b113ac17d9c50baef9dd76bd1"
  integrity sha1-WDsap3WWHUsROsF9nFC6753Xa9E=
  dependencies:
    wrappy "1"

optjs@~3.2.2:
  version "3.2.2"
  resolved "https://registry.npm.taobao.org/optjs/download/optjs-3.2.2.tgz#69a6ce89c442a44403141ad2f9b370bd5bb6f4ee"
  integrity sha1-aabOicRCpEQDFBrS+bNwvVu29O4=

os-locale@^1.4.0:
  version "1.4.0"
  resolved "https://registry.npm.taobao.org/os-locale/download/os-locale-1.4.0.tgz#20f9f17ae29ed345e8bde583b13d2009803c14d9"
  integrity sha1-IPnxeuKe00XoveWDsT0gCYA8FNk=
  dependencies:
    lcid "^1.0.0"

path-is-absolute@^1.0.0:
  version "1.0.1"
  resolved "https://registry.npm.taobao.org/path-is-absolute/download/path-is-absolute-1.0.1.tgz#174b9268735534ffbc7ace6bf53a5a9e1b5c5f5f"
  integrity sha1-F0uSaHNVNP+8es5r9TpanhtcX18=

process-nextick-args@~2.0.0:
  version "2.0.1"
  resolved "https://registry.npm.taobao.org/process-nextick-args/download/process-nextick-args-2.0.1.tgz#7820d9b16120cc55ca9ae7792680ae7dba6d7fe2"
  integrity sha1-eCDZsWEgzFXKmud5JoCufbptf+I=

promise-timeout@^1.3.0:
  version "1.3.0"
  resolved "https://registry.npm.taobao.org/promise-timeout/download/promise-timeout-1.3.0.tgz#d1c78dd50a607d5f0a5207410252a3a0914e1014"
  integrity sha1-0ceN1QpgfV8KUgdBAlKjoJFOEBQ=

protobufjs@^5.0.1:
  version "5.0.3"
  resolved "https://registry.npm.taobao.org/protobufjs/download/protobufjs-5.0.3.tgz#e4dfe9fb67c90b2630d15868249bcc4961467a17"
  integrity sha1-5N/p+2fJCyYw0VhoJJvMSWFGehc=
  dependencies:
    ascli "~1"
    bytebuffer "~5"
    glob "^7.0.5"
    yargs "^3.10.0"

qs@^6.5.1, qs@^6.9.4:
  version "6.9.4"
  resolved "https://registry.npm.taobao.org/qs/download/qs-6.9.4.tgz#9090b290d1f91728d3c22e54843ca44aea5ab687"
  integrity sha1-kJCykNH5FyjTwi5UhDykSupatoc=

readable-stream@^2.3.5:
  version "2.3.7"
  resolved "https://registry.npm.taobao.org/readable-stream/download/readable-stream-2.3.7.tgz#1eca1cf711aef814c04f62252a36a62f6cb23b57"
  integrity sha1-Hsoc9xGu+BTAT2IlKjamL2yyO1c=
  dependencies:
    core-util-is "~1.0.0"
    inherits "~2.0.3"
    isarray "~1.0.0"
    process-nextick-args "~2.0.0"
    safe-buffer "~5.1.1"
    string_decoder "~1.1.1"
    util-deprecate "~1.0.1"

readable-stream@^3.6.0:
  version "3.6.0"
  resolved "https://registry.npm.taobao.org/readable-stream/download/readable-stream-3.6.0.tgz#337bbda3adc0706bd3e024426a286d4b4b2c9198"
  integrity sha1-M3u9o63AcGvT4CRCaihtS0sskZg=
  dependencies:
    inherits "^2.0.3"
    string_decoder "^1.1.1"
    util-deprecate "^1.0.1"

regenerator-runtime@^0.11.0:
  version "0.11.1"
  resolved "https://registry.npm.taobao.org/regenerator-runtime/download/regenerator-runtime-0.11.1.tgz?cache=0&sync_timestamp=1595456106555&other_urls=https%3A%2F%2Fregistry.npm.taobao.org%2Fregenerator-runtime%2Fdownload%2Fregenerator-runtime-0.11.1.tgz#be05ad7f9bf7d22e056f9726cee5017fbf19e2e9"
  integrity sha1-vgWtf5v30i4Fb5cmzuUBf78Z4uk=

regenerator-runtime@^0.13.4:
  version "0.13.7"
  resolved "https://registry.npm.taobao.org/regenerator-runtime/download/regenerator-runtime-0.13.7.tgz#cac2dacc8a1ea675feaabaeb8ae833898ae46f55"
  integrity sha1-ysLazIoepnX+qrrriugziYrkb1U=

safe-buffer@~5.1.0, safe-buffer@~5.1.1:
  version "5.1.2"
  resolved "https://registry.npm.taobao.org/safe-buffer/download/safe-buffer-5.1.2.tgz?cache=0&sync_timestamp=1589129978562&other_urls=https%3A%2F%2Fregistry.npm.taobao.org%2Fsafe-buffer%2Fdownload%2Fsafe-buffer-5.1.2.tgz#991ec69d296e0313747d59bdfd2b745c35f8828d"
  integrity sha1-mR7GnSluAxN0fVm9/St0XDX4go0=

safe-buffer@~5.2.0:
  version "5.2.1"
  resolved "https://registry.npm.taobao.org/safe-buffer/download/safe-buffer-5.2.1.tgz?cache=0&sync_timestamp=1589129978562&other_urls=https%3A%2F%2Fregistry.npm.taobao.org%2Fsafe-buffer%2Fdownload%2Fsafe-buffer-5.2.1.tgz#1eaf9fa9bdb1fdd4ec75f58f9cdb4e6b7827eec6"
  integrity sha1-Hq+fqb2x/dTsdfWPnNtOa3gn7sY=

semver@^7.3.2:
  version "7.3.2"
  resolved "https://registry.npm.taobao.org/semver/download/semver-7.3.2.tgz?cache=0&other_urls=https%3A%2F%2Fregistry.npm.taobao.org%2Fsemver%2Fdownload%2Fsemver-7.3.2.tgz#604962b052b81ed0786aae84389ffba70ffd3938"
  integrity sha1-YElisFK4HtB4aq6EOJ/7pw/9OTg=

storejs@^1.0.25:
  version "1.0.25"
  resolved "https://registry.npm.taobao.org/storejs/download/storejs-1.0.25.tgz#fc70d25b4df7866976a62b46b6dc6727761306ce"
  integrity sha1-/HDSW033hml2pitGttxnJ3YTBs4=

string-width@^1.0.1:
  version "1.0.2"
  resolved "https://registry.npm.taobao.org/string-width/download/string-width-1.0.2.tgz#118bdf5b8cdc51a2a7e70d211e07e2b0b9b107d3"
  integrity sha1-EYvfW4zcUaKn5w0hHgfisLmxB9M=
  dependencies:
    code-point-at "^1.0.0"
    is-fullwidth-code-point "^1.0.0"
    strip-ansi "^3.0.0"

string_decoder@^1.1.1:
  version "1.3.0"
  resolved "https://registry.npm.taobao.org/string_decoder/download/string_decoder-1.3.0.tgz#42f114594a46cf1a8e30b0a84f56c78c3edac21e"
  integrity sha1-QvEUWUpGzxqOMLCoT1bHjD7awh4=
  dependencies:
    safe-buffer "~5.2.0"

string_decoder@~1.1.1:
  version "1.1.1"
  resolved "https://registry.npm.taobao.org/string_decoder/download/string_decoder-1.1.1.tgz#9cf1611ba62685d7030ae9e4ba34149c3af03fc8"
  integrity sha1-nPFhG6YmhdcDCunkujQUnDrwP8g=
  dependencies:
    safe-buffer "~5.1.0"

strip-ansi@^3.0.0, strip-ansi@^3.0.1:
  version "3.0.1"
  resolved "https://registry.npm.taobao.org/strip-ansi/download/strip-ansi-3.0.1.tgz#6a385fb8853d952d5ff05d0e8aaf94278dc63dcf"
  integrity sha1-ajhfuIU9lS1f8F0Oiq+UJ43GPc8=
  dependencies:
    ansi-regex "^2.0.0"

superagent@^3.3.1:
  version "3.8.3"
  resolved "https://registry.npm.taobao.org/superagent/download/superagent-3.8.3.tgz#460ea0dbdb7d5b11bc4f78deba565f86a178e128"
  integrity sha1-Rg6g29t9WxG8T3jeulZfhqF44Sg=
  dependencies:
    component-emitter "^1.2.0"
    cookiejar "^2.1.0"
    debug "^3.1.0"
    extend "^3.0.0"
    form-data "^2.3.1"
    formidable "^1.2.0"
    methods "^1.1.1"
    mime "^1.4.1"
    qs "^6.5.1"
    readable-stream "^2.3.5"

superagent@^5.2.2:
  version "5.3.1"
  resolved "https://registry.npm.taobao.org/superagent/download/superagent-5.3.1.tgz#d62f3234d76b8138c1320e90fa83dc1850ccabf1"
  integrity sha1-1i8yNNdrgTjBMg6Q+oPcGFDMq/E=
  dependencies:
    component-emitter "^1.3.0"
    cookiejar "^2.1.2"
    debug "^4.1.1"
    fast-safe-stringify "^2.0.7"
    form-data "^3.0.0"
    formidable "^1.2.2"
    methods "^1.1.2"
    mime "^2.4.6"
    qs "^6.9.4"
    readable-stream "^3.6.0"
    semver "^7.3.2"

underscore@^1.8.3:
  version "1.11.0"
  resolved "https://registry.npm.taobao.org/underscore/download/underscore-1.11.0.tgz#dd7c23a195db34267186044649870ff1bab5929e"
  integrity sha1-3XwjoZXbNCZxhgRGSYcP8bq1kp4=

util-deprecate@^1.0.1, util-deprecate@~1.0.1:
  version "1.0.2"
  resolved "https://registry.npm.taobao.org/util-deprecate/download/util-deprecate-1.0.2.tgz#450d4dc9fa70de732762fbd2d4a28981419a0ccf"
  integrity sha1-RQ1Nyfpw3nMnYvvS1KKJgUGaDM8=

uuid@^3.0.0, uuid@^3.3.2:
  version "3.4.0"
  resolved "https://registry.npm.taobao.org/uuid/download/uuid-3.4.0.tgz?cache=0&sync_timestamp=1601826526166&other_urls=https%3A%2F%2Fregistry.npm.taobao.org%2Fuuid%2Fdownload%2Fuuid-3.4.0.tgz#b23e4358afa8a202fe7a100af1f5f883f02007ee"
  integrity sha1-sj5DWK+oogL+ehAK8fX4g/AgB+4=

valine@^1.3.10:
  version "1.4.14"
  resolved "https://registry.npm.taobao.org/valine/download/valine-1.4.14.tgz#771d103c0b87cb7aa2f0b6a4ad65cae795c92f3b"
  integrity sha1-dx0QPAuHy3qi8LakrWXK55XJLzs=
  dependencies:
    balajs "^1.0.7"
    balalaika "^1.0.1"
    element-closest "^3.0.2"
    leancloud-storage "^3.0.4"
    storejs "^1.0.25"
    xss "^1.0.6"

window-size@^0.1.4:
  version "0.1.4"
  resolved "https://registry.npm.taobao.org/window-size/download/window-size-0.1.4.tgz#f8e1aa1ee5a53ec5bf151ffa09742a6ad7697876"
  integrity sha1-+OGqHuWlPsW/FR/6CXQqatdpeHY=

wrap-ansi@^2.0.0:
  version "2.1.0"
  resolved "https://registry.npm.taobao.org/wrap-ansi/download/wrap-ansi-2.1.0.tgz#d8fc3d284dd05794fe84973caecdd1cf824fdd85"
  integrity sha1-2Pw9KE3QV5T+hJc8rs3Rz4JP3YU=
  dependencies:
    string-width "^1.0.1"
    strip-ansi "^3.0.1"

wrappy@1:
  version "1.0.2"
  resolved "https://registry.npm.taobao.org/wrappy/download/wrappy-1.0.2.tgz#b5243d8f3ec1aa35f1364605bc0d1036e30ab69f"
  integrity sha1-tSQ9jz7BqjXxNkYFvA0QNuMKtp8=

ws@^5.2.2:
  version "5.2.2"
  resolved "https://registry.npm.taobao.org/ws/download/ws-5.2.2.tgz?cache=0&sync_timestamp=1593925670988&other_urls=https%3A%2F%2Fregistry.npm.taobao.org%2Fws%2Fdownload%2Fws-5.2.2.tgz#dffef14866b8e8dc9133582514d1befaf96e980f"
  integrity sha1-3/7xSGa46NyRM1glFNG++vlumA8=
  dependencies:
    async-limiter "~1.0.0"

xss@^1.0.6:
  version "1.0.8"
  resolved "https://registry.npm.taobao.org/xss/download/xss-1.0.8.tgz?cache=0&sync_timestamp=1595842886299&other_urls=https%3A%2F%2Fregistry.npm.taobao.org%2Fxss%2Fdownload%2Fxss-1.0.8.tgz#32feb87feb74b3dcd3d404b7a68ababf10700535"
  integrity sha1-Mv64f+t0s9zT1AS3poq6vxBwBTU=
  dependencies:
    commander "^2.20.3"
    cssfilter "0.0.10"

y18n@^3.2.0:
  version "3.2.1"
  resolved "https://registry.npm.taobao.org/y18n/download/y18n-3.2.1.tgz?cache=0&sync_timestamp=1601577134512&other_urls=https%3A%2F%2Fregistry.npm.taobao.org%2Fy18n%2Fdownload%2Fy18n-3.2.1.tgz#6d15fba884c08679c0d77e88e7759e811e07fa41"
  integrity sha1-bRX7qITAhnnA136I53WegR4H+kE=

yargs@^3.10.0:
  version "3.32.0"
  resolved "https://registry.npm.taobao.org/yargs/download/yargs-3.32.0.tgz?cache=0&sync_timestamp=1600660057173&other_urls=https%3A%2F%2Fregistry.npm.taobao.org%2Fyargs%2Fdownload%2Fyargs-3.32.0.tgz#03088e9ebf9e756b69751611d2a5ef591482c995"
  integrity sha1-AwiOnr+edWtpdRYR0qXvWRSCyZU=
  dependencies:
    camelcase "^2.0.1"
    cliui "^3.0.3"
    decamelize "^1.1.1"
    os-locale "^1.4.0"
    string-width "^1.0.1"
    window-size "^0.1.4"
    y18n "^3.2.0"
